
Microsoft Visual Studio Solution File, Format Version 12.00
# Visual Studio Version 16
VisualStudioVersion = 16.0.30114.105
MinimumVisualStudioVersion = 10.0.40219.1
Project("{FAE04EC0-301F-11D3-BF4B-00C04F79EFBC}") = "ConsoleApp1", "ConsoleApp1\ConsoleApp1.csproj", "{584D3BF9-B71C-4799-BC70-4159F9CC86E3}"
EndProject
Global
	GlobalSection(SolutionConfigurationPlatforms) = preSolution
		Debug|Any CPU = Debug|Any CPU
		Release|Any CPU = Release|Any CPU
	EndGlobalSection
	GlobalSection(ProjectConfigurationPlatforms) = postSolution
		{584D3BF9-B71C-4799-BC70-4159F9CC86E3}.Debug|Any CPU.ActiveCfg = Debug|Any CPU
		{584D3BF9-B71C-4799-BC70-4159F9CC86E3}.Debug|Any CPU.Build.0 = Debug|Any CPU
		{584D3BF9-B71C-4799-BC70-4159F9CC86E3}.Release|Any CPU.ActiveCfg = Release|Any CPU
		{584D3BF9-B71C-4799-BC70-4159F9CC86E3}.Release|Any CPU.Build.0 = Release|Any CPU
	EndGlobalSection
	GlobalSection(SolutionProperties) = preSolution
		HideSolutionNode = FALSE
	EndGlobalSection
	GlobalSection(ExtensibilityGlobals) = postSolution
		SolutionGuid = {AEE7A428-88A1-438B-BE4B-5E0F31676646}
	EndGlobalSection
EndGlobal
