
Microsoft Visual Studio Solution File, Format Version 12.00
# Visual Studio Version 16
VisualStudioVersion = 16.0.30114.105
MinimumVisualStudioVersion = 10.0.40219.1
Project("{FAE04EC0-301F-11D3-BF4B-00C04F79EFBC}") = "ConsoleApp1", "ConsoleApp1\ConsoleApp1.csproj", "{0E097EE6-9096-4352-833A-B4465870FFA6}"
EndProject
Global
	GlobalSection(SolutionConfigurationPlatforms) = preSolution
		Debug|Any CPU = Debug|Any CPU
		Release|Any CPU = Release|Any CPU
	EndGlobalSection
	GlobalSection(ProjectConfigurationPlatforms) = postSolution
		{0E097EE6-9096-4352-833A-B4465870FFA6}.Debug|Any CPU.ActiveCfg = Debug|Any CPU
		{0E097EE6-9096-4352-833A-B4465870FFA6}.Debug|Any CPU.Build.0 = Debug|Any CPU
		{0E097EE6-9096-4352-833A-B4465870FFA6}.Release|Any CPU.ActiveCfg = Release|Any CPU
		{0E097EE6-9096-4352-833A-B4465870FFA6}.Release|Any CPU.Build.0 = Release|Any CPU
	EndGlobalSection
	GlobalSection(SolutionProperties) = preSolution
		HideSolutionNode = FALSE
	EndGlobalSection
	GlobalSection(ExtensibilityGlobals) = postSolution
		SolutionGuid = {B3D29115-2D22-4B28-AFBD-87A98DD86A6C}
	EndGlobalSection
EndGlobal
