
Microsoft Visual Studio Solution File, Format Version 12.00
# Visual Studio Version 16
VisualStudioVersion = 16.0.30114.105
MinimumVisualStudioVersion = 10.0.40219.1
Project("{FAE04EC0-301F-11D3-BF4B-00C04F79EFBC}") = "consoleapp1", "consoleapp1\consoleapp1.csproj", "{2BCF94DB-3E2B-4F65-BEFD-887E55F7048D}"
EndProject
Global
	GlobalSection(SolutionConfigurationPlatforms) = preSolution
		Debug|Any CPU = Debug|Any CPU
		Release|Any CPU = Release|Any CPU
	EndGlobalSection
	GlobalSection(ProjectConfigurationPlatforms) = postSolution
		{2BCF94DB-3E2B-4F65-BEFD-887E55F7048D}.Debug|Any CPU.ActiveCfg = Debug|Any CPU
		{2BCF94DB-3E2B-4F65-BEFD-887E55F7048D}.Debug|Any CPU.Build.0 = Debug|Any CPU
		{2BCF94DB-3E2B-4F65-BEFD-887E55F7048D}.Release|Any CPU.ActiveCfg = Release|Any CPU
		{2BCF94DB-3E2B-4F65-BEFD-887E55F7048D}.Release|Any CPU.Build.0 = Release|Any CPU
	EndGlobalSection
	GlobalSection(SolutionProperties) = preSolution
		HideSolutionNode = FALSE
	EndGlobalSection
	GlobalSection(ExtensibilityGlobals) = postSolution
		SolutionGuid = {B3DB8E09-C779-4E1A-B316-8D0DB1C3E2F5}
	EndGlobalSection
EndGlobal
