
Microsoft Visual Studio Solution File, Format Version 12.00
# Visual Studio Version 16
VisualStudioVersion = 16.0.30114.105
MinimumVisualStudioVersion = 10.0.40219.1
Project("{FAE04EC0-301F-11D3-BF4B-00C04F79EFBC}") = "ConsoleApp1", "ConsoleApp1\ConsoleApp1.csproj", "{B0C6D45C-6313-4431-8D02-9CB81CE573D0}"
EndProject
Global
	GlobalSection(SolutionConfigurationPlatforms) = preSolution
		Debug|Any CPU = Debug|Any CPU
		Release|Any CPU = Release|Any CPU
	EndGlobalSection
	GlobalSection(ProjectConfigurationPlatforms) = postSolution
		{B0C6D45C-6313-4431-8D02-9CB81CE573D0}.Debug|Any CPU.ActiveCfg = Debug|Any CPU
		{B0C6D45C-6313-4431-8D02-9CB81CE573D0}.Debug|Any CPU.Build.0 = Debug|Any CPU
		{B0C6D45C-6313-4431-8D02-9CB81CE573D0}.Release|Any CPU.ActiveCfg = Release|Any CPU
		{B0C6D45C-6313-4431-8D02-9CB81CE573D0}.Release|Any CPU.Build.0 = Release|Any CPU
	EndGlobalSection
	GlobalSection(SolutionProperties) = preSolution
		HideSolutionNode = FALSE
	EndGlobalSection
	GlobalSection(ExtensibilityGlobals) = postSolution
		SolutionGuid = {12AA9735-9383-4A38-B67A-3EABCA823150}
	EndGlobalSection
EndGlobal
